
Microsoft Visual Studio Solution File, Format Version 12.00
# Visual Studio Version 17
VisualStudioVersion = 17.2.32602.215
MinimumVisualStudioVersion = 10.0.40219.1
Project("{9A19103F-16F7-4668-BE54-9A1E7A4F7556}") = "GHTorch", "GHTorch\GHTorch.csproj", "{CFF103FA-0A43-4BCC-ABA8-918FB4EC9488}"
EndProject
Project("{9A19103F-16F7-4668-BE54-9A1E7A4F7556}") = "GHTorch.Warpper", "GHTorch.Warpper\GHTorch.Warpper.csproj", "{21900476-F4F4-4D61-BD6E-8A55BB1F5D21}"
	ProjectSection(ProjectDependencies) = postProject
		{9DD11B6B-D47A-4904-9BEA-A027DC77B341} = {9DD11B6B-D47A-4904-9BEA-A027DC77B341}
	EndProjectSection
EndProject
Project("{8BC9CEB8-8B4A-11D0-8D11-00A0C91BC942}") = "GHTorch.Native", "GHTorch.Native\GHTorch.Native.vcxproj", "{9DD11B6B-D47A-4904-9BEA-A027DC77B341}"
EndProject
Global
	GlobalSection(SolutionConfigurationPlatforms) = preSolution
		Debug|Any CPU = Debug|Any CPU
		Debug|x64 = Debug|x64
		Debug|x86 = Debug|x86
		Release|Any CPU = Release|Any CPU
		Release|x64 = Release|x64
		Release|x86 = Release|x86
	EndGlobalSection
	GlobalSection(ProjectConfigurationPlatforms) = postSolution
		{CFF103FA-0A43-4BCC-ABA8-918FB4EC9488}.Debug|Any CPU.ActiveCfg = Debug|Any CPU
		{CFF103FA-0A43-4BCC-ABA8-918FB4EC9488}.Debug|Any CPU.Build.0 = Debug|Any CPU
		{CFF103FA-0A43-4BCC-ABA8-918FB4EC9488}.Debug|x64.ActiveCfg = Debug|Any CPU
		{CFF103FA-0A43-4BCC-ABA8-918FB4EC9488}.Debug|x64.Build.0 = Debug|Any CPU
		{CFF103FA-0A43-4BCC-ABA8-918FB4EC9488}.Debug|x86.ActiveCfg = Debug|Any CPU
		{CFF103FA-0A43-4BCC-ABA8-918FB4EC9488}.Debug|x86.Build.0 = Debug|Any CPU
		{CFF103FA-0A43-4BCC-ABA8-918FB4EC9488}.Release|Any CPU.ActiveCfg = Release|Any CPU
		{CFF103FA-0A43-4BCC-ABA8-918FB4EC9488}.Release|Any CPU.Build.0 = Release|Any CPU
		{CFF103FA-0A43-4BCC-ABA8-918FB4EC9488}.Release|x64.ActiveCfg = Release|Any CPU
		{CFF103FA-0A43-4BCC-ABA8-918FB4EC9488}.Release|x64.Build.0 = Release|Any CPU
		{CFF103FA-0A43-4BCC-ABA8-918FB4EC9488}.Release|x86.ActiveCfg = Release|Any CPU
		{CFF103FA-0A43-4BCC-ABA8-918FB4EC9488}.Release|x86.Build.0 = Release|Any CPU
		{21900476-F4F4-4D61-BD6E-8A55BB1F5D21}.Debug|Any CPU.ActiveCfg = Debug|Any CPU
		{21900476-F4F4-4D61-BD6E-8A55BB1F5D21}.Debug|Any CPU.Build.0 = Debug|Any CPU
		{21900476-F4F4-4D61-BD6E-8A55BB1F5D21}.Debug|x64.ActiveCfg = Debug|Any CPU
		{21900476-F4F4-4D61-BD6E-8A55BB1F5D21}.Debug|x64.Build.0 = Debug|Any CPU
		{21900476-F4F4-4D61-BD6E-8A55BB1F5D21}.Debug|x86.ActiveCfg = Debug|Any CPU
		{21900476-F4F4-4D61-BD6E-8A55BB1F5D21}.Debug|x86.Build.0 = Debug|Any CPU
		{21900476-F4F4-4D61-BD6E-8A55BB1F5D21}.Release|Any CPU.ActiveCfg = Release|Any CPU
		{21900476-F4F4-4D61-BD6E-8A55BB1F5D21}.Release|Any CPU.Build.0 = Release|Any CPU
		{21900476-F4F4-4D61-BD6E-8A55BB1F5D21}.Release|x64.ActiveCfg = Release|Any CPU
		{21900476-F4F4-4D61-BD6E-8A55BB1F5D21}.Release|x64.Build.0 = Release|Any CPU
		{21900476-F4F4-4D61-BD6E-8A55BB1F5D21}.Release|x86.ActiveCfg = Release|Any CPU
		{21900476-F4F4-4D61-BD6E-8A55BB1F5D21}.Release|x86.Build.0 = Release|Any CPU
		{9DD11B6B-D47A-4904-9BEA-A027DC77B341}.Debug|Any CPU.ActiveCfg = Debug|x64
		{9DD11B6B-D47A-4904-9BEA-A027DC77B341}.Debug|Any CPU.Build.0 = Debug|x64
		{9DD11B6B-D47A-4904-9BEA-A027DC77B341}.Debug|x64.ActiveCfg = Debug|x64
		{9DD11B6B-D47A-4904-9BEA-A027DC77B341}.Debug|x64.Build.0 = Debug|x64
		{9DD11B6B-D47A-4904-9BEA-A027DC77B341}.Debug|x86.ActiveCfg = Debug|Win32
		{9DD11B6B-D47A-4904-9BEA-A027DC77B341}.Debug|x86.Build.0 = Debug|Win32
		{9DD11B6B-D47A-4904-9BEA-A027DC77B341}.Release|Any CPU.ActiveCfg = Release|x64
		{9DD11B6B-D47A-4904-9BEA-A027DC77B341}.Release|Any CPU.Build.0 = Release|x64
		{9DD11B6B-D47A-4904-9BEA-A027DC77B341}.Release|x64.ActiveCfg = Release|x64
		{9DD11B6B-D47A-4904-9BEA-A027DC77B341}.Release|x64.Build.0 = Release|x64
		{9DD11B6B-D47A-4904-9BEA-A027DC77B341}.Release|x86.ActiveCfg = Release|Win32
		{9DD11B6B-D47A-4904-9BEA-A027DC77B341}.Release|x86.Build.0 = Release|Win32
	EndGlobalSection
	GlobalSection(SolutionProperties) = preSolution
		HideSolutionNode = FALSE
	EndGlobalSection
	GlobalSection(ExtensibilityGlobals) = postSolution
		SolutionGuid = {6CAE3DB2-024F-4396-AFD6-F1CB7AFD01C9}
	EndGlobalSection
EndGlobal
